{
  "version": "5",
  "specifiers": {
    "jsr:@std/semver@^1.0.8": "1.0.8",
    "jsr:@zod/zod@^4.3.6": "4.3.6"
  },
  "jsr": {
    "@std/semver@1.0.8": {
      "integrity": "dc830e8b8b6a380c895d53fbfd1258dc253704ca57bbe1629ac65fd7830179b7"
    },
    "@zod/zod@4.3.6": {
      "integrity": "7144e5e11f8ffc3cf6e2fca624f6597a8762898aac9868cc8938e9398b96ffe4"
    }
  },
  "workspace": {
    "dependencies": [
      "jsr:@std/semver@^1.0.8",
      "jsr:@zod/zod@^4.3.6"
    ]
  }
}
